{
  "nodes": {
    "devenv": {
      "locked": {
        "dir": "src/modules",
        "lastModified": 1783538213,
        "narHash": "sha256-jNjKlmrejUrBgVAeiavlMLlkmC7ZEv1D9nhfuwMW5Q8=",
        "owner": "cachix",
        "repo": "devenv",
        "rev": "d1fb321e73048d0e1e2b523580268ebb3df2ae90",
        "type": "github"
      },
      "original": {
        "dir": "src/modules",
        "owner": "cachix",
        "repo": "devenv",
        "type": "github"
      }
    },
    "fenix": {
      "inputs": {
        "nixpkgs": [
          "nixpkgs"
        ],
        "rust-analyzer-src": "rust-analyzer-src"
      },
      "locked": {
        "lastModified": 1783757006,
        "narHash": "sha256-5JD6IDeOxt+7GF0UP7M1ttZ1SyCSzXcgaKU5OEoqPk0=",
        "owner": "nix-community",
        "repo": "fenix",
        "rev": "8d20dd64ad45ed4b5179a37cec75fff9f732e78d",
        "type": "github"
      },
      "original": {
        "owner": "nix-community",
        "repo": "fenix",
        "type": "github"
      }
    },
    "flake-utils": {
      "inputs": {
        "systems": "systems"
      },
      "locked": {
        "lastModified": 1731533236,
        "narHash": "sha256-l0KFg5HjrsfsO/JpG+r7fRrqm12kzFHyUHqHCVpMMbI=",
        "owner": "numtide",
        "repo": "flake-utils",
        "rev": "11707dc2f618dd54ca8739b309ec4fc024de578b",
        "type": "github"
      },
      "original": {
        "owner": "numtide",
        "repo": "flake-utils",
        "type": "github"
      }
    },
    "nixpkgs": {
      "inputs": {
        "nixpkgs-src": "nixpkgs-src"
      },
      "locked": {
        "lastModified": 1783345554,
        "narHash": "sha256-LZhOm4kqjHUnwP4CNHpaqqEVcumGNd1PvOEOad8LkS0=",
        "owner": "cachix",
        "repo": "devenv-nixpkgs",
        "rev": "6004ea8c229fe9d41b21c6f4c76bf6c2e10771dd",
        "type": "github"
      },
      "original": {
        "owner": "cachix",
        "ref": "rolling",
        "repo": "devenv-nixpkgs",
        "type": "github"
      }
    },
    "nixpkgs-src": {
      "flake": false,
      "locked": {
        "lastModified": 1783279667,
        "narHash": "sha256-/NAkDSsve+GNM0Bt6tleJdCGfsTlK89nPjkVOzZMo0s=",
        "owner": "NixOS",
        "repo": "nixpkgs",
        "rev": "f205b5574fd0cb7da5b702a2da51507b7f4fdd1b",
        "type": "github"
      },
      "original": {
        "owner": "NixOS",
        "ref": "nixpkgs-unstable",
        "repo": "nixpkgs",
        "type": "github"
      }
    },
    "nixpkgs-unstable": {
      "locked": {
        "lastModified": 1783604885,
        "narHash": "sha256-tzMgSkV7kljEkqIjlgV6F+n+xD+/a35Db8bs7a4BFAo=",
        "owner": "nixos",
        "repo": "nixpkgs",
        "rev": "767b0d3ec98a143ad9ed7dfc0d5553510ac27133",
        "type": "github"
      },
      "original": {
        "owner": "nixos",
        "ref": "nixpkgs-unstable",
        "repo": "nixpkgs",
        "type": "github"
      }
    },
    "root": {
      "inputs": {
        "devenv": "devenv",
        "fenix": "fenix",
        "nixpkgs": "nixpkgs",
        "nixpkgs-unstable": "nixpkgs-unstable",
        "rust-overlay": "rust-overlay",
        "sccache": "sccache",
        "storm-ops": "storm-ops"
      }
    },
    "rust-analyzer-src": {
      "flake": false,
      "locked": {
        "lastModified": 1783692044,
        "narHash": "sha256-yGd0SW+qWxYVNs71eeWpwimT4w2+aGggQDSlBWs1qdU=",
        "owner": "rust-lang",
        "repo": "rust-analyzer",
        "rev": "9482996a746236c56c3333ef1bf796bd2d5f7272",
        "type": "github"
      },
      "original": {
        "owner": "rust-lang",
        "ref": "nightly",
        "repo": "rust-analyzer",
        "type": "github"
      }
    },
    "rust-overlay": {
      "inputs": {
        "nixpkgs": [
          "nixpkgs"
        ]
      },
      "locked": {
        "lastModified": 1783747106,
        "narHash": "sha256-KlepQu/O5m11lAjcJ4ER5bc6bIzyX2UMPDARzMzQfIw=",
        "owner": "oxalica",
        "repo": "rust-overlay",
        "rev": "e598b37857b895b81020a65a802ef55f5bbed72f",
        "type": "github"
      },
      "original": {
        "owner": "oxalica",
        "repo": "rust-overlay",
        "type": "github"
      }
    },
    "sccache": {
      "inputs": {
        "flake-utils": "flake-utils",
        "nixpkgs": [
          "nixpkgs"
        ]
      },
      "locked": {
        "lastModified": 1783409236,
        "narHash": "sha256-kwXbtNr6/0eV51FuNYDhwPBuJOu0WTGMxQah5qacjDU=",
        "owner": "mozilla",
        "repo": "sccache",
        "rev": "4fcb1611767704dcbf969ee10a5bdb35ef3eb959",
        "type": "github"
      },
      "original": {
        "owner": "mozilla",
        "repo": "sccache",
        "type": "github"
      }
    },
    "storm-ops": {
      "flake": false,
      "locked": {
        "lastModified": 1783729507,
        "narHash": "sha256-+ew0gtrrDKfHTKxkz+SYyWPC2eNxZ2fV113TZoNn0X4=",
        "owner": "storm-software",
        "repo": "storm-ops",
        "rev": "4fd37930e44d20b151fbe2eecf8a1b0e0c235ae8",
        "type": "github"
      },
      "original": {
        "owner": "storm-software",
        "repo": "storm-ops",
        "type": "github"
      }
    },
    "systems": {
      "locked": {
        "lastModified": 1681028828,
        "narHash": "sha256-Vy1rq5AaRuLzOxct8nz4T6wlgyUR7zLU309k9mBC768=",
        "owner": "nix-systems",
        "repo": "default",
        "rev": "da67096a3b9bf56a91d16901293e51ba5b49a27e",
        "type": "github"
      },
      "original": {
        "owner": "nix-systems",
        "repo": "default",
        "type": "github"
      }
    }
  },
  "root": "root",
  "version": 7
}