{
  "nodes": {
    "devenv": {
      "locked": {
        "dir": "src/modules",
        "lastModified": 1784248563,
        "narHash": "sha256-rRjR2qADMZbvrDkZzeYrdssLKpbTGymNXLnVdbT6XpQ=",
        "owner": "cachix",
        "repo": "devenv",
        "rev": "d77304696697c43672e10f29d1da401b33ab2778",
        "type": "github"
      },
      "original": {
        "dir": "src/modules",
        "owner": "cachix",
        "repo": "devenv",
        "type": "github"
      }
    },
    "fenix": {
      "inputs": {
        "nixpkgs": [
          "nixpkgs"
        ],
        "rust-analyzer-src": "rust-analyzer-src"
      },
      "locked": {
        "lastModified": 1784276287,
        "narHash": "sha256-xXONk0mfpVtFSaZZp21bjw1eRud0dFJ2jpVQ/TQX7ZY=",
        "owner": "nix-community",
        "repo": "fenix",
        "rev": "3181005f932fbae4626c6a6dca5b728742656d9e",
        "type": "github"
      },
      "original": {
        "owner": "nix-community",
        "repo": "fenix",
        "type": "github"
      }
    },
    "flake-utils": {
      "inputs": {
        "systems": "systems"
      },
      "locked": {
        "lastModified": 1731533236,
        "narHash": "sha256-l0KFg5HjrsfsO/JpG+r7fRrqm12kzFHyUHqHCVpMMbI=",
        "owner": "numtide",
        "repo": "flake-utils",
        "rev": "11707dc2f618dd54ca8739b309ec4fc024de578b",
        "type": "github"
      },
      "original": {
        "owner": "numtide",
        "repo": "flake-utils",
        "type": "github"
      }
    },
    "nixpkgs": {
      "inputs": {
        "nixpkgs-src": "nixpkgs-src"
      },
      "locked": {
        "lastModified": 1783345554,
        "narHash": "sha256-LZhOm4kqjHUnwP4CNHpaqqEVcumGNd1PvOEOad8LkS0=",
        "owner": "cachix",
        "repo": "devenv-nixpkgs",
        "rev": "6004ea8c229fe9d41b21c6f4c76bf6c2e10771dd",
        "type": "github"
      },
      "original": {
        "owner": "cachix",
        "ref": "rolling",
        "repo": "devenv-nixpkgs",
        "type": "github"
      }
    },
    "nixpkgs-src": {
      "flake": false,
      "locked": {
        "lastModified": 1783279667,
        "narHash": "sha256-/NAkDSsve+GNM0Bt6tleJdCGfsTlK89nPjkVOzZMo0s=",
        "owner": "NixOS",
        "repo": "nixpkgs",
        "rev": "f205b5574fd0cb7da5b702a2da51507b7f4fdd1b",
        "type": "github"
      },
      "original": {
        "owner": "NixOS",
        "ref": "nixpkgs-unstable",
        "repo": "nixpkgs",
        "type": "github"
      }
    },
    "nixpkgs-unstable": {
      "locked": {
        "lastModified": 1784210874,
        "narHash": "sha256-x8i+HYAulduMlM63oxWJj5tAm+Sc/W756wUzcV5p24w=",
        "owner": "nixos",
        "repo": "nixpkgs",
        "rev": "59682e0069f0ed0a452e2179a7f4c1f247027b9e",
        "type": "github"
      },
      "original": {
        "owner": "nixos",
        "ref": "nixpkgs-unstable",
        "repo": "nixpkgs",
        "type": "github"
      }
    },
    "root": {
      "inputs": {
        "devenv": "devenv",
        "fenix": "fenix",
        "nixpkgs": "nixpkgs",
        "nixpkgs-unstable": "nixpkgs-unstable",
        "rust-overlay": "rust-overlay",
        "sccache": "sccache",
        "storm-ops": "storm-ops"
      }
    },
    "rust-analyzer-src": {
      "flake": false,
      "locked": {
        "lastModified": 1784247776,
        "narHash": "sha256-GiZgiGRmDl773Y8wEnS1Vs/KJICXwYYspYSuKS0dhLc=",
        "owner": "rust-lang",
        "repo": "rust-analyzer",
        "rev": "7d5fff4b1a86097dda2b8bb899eaf5cf6b6827d5",
        "type": "github"
      },
      "original": {
        "owner": "rust-lang",
        "ref": "nightly",
        "repo": "rust-analyzer",
        "type": "github"
      }
    },
    "rust-overlay": {
      "inputs": {
        "nixpkgs": [
          "nixpkgs"
        ]
      },
      "locked": {
        "lastModified": 1784265529,
        "narHash": "sha256-ohQQiPOngux8ofsrSlloHCMDhRMvocXqJiG8uH45Q5k=",
        "owner": "oxalica",
        "repo": "rust-overlay",
        "rev": "068175006cfb69d5b541a140ed93e361488c9e53",
        "type": "github"
      },
      "original": {
        "owner": "oxalica",
        "repo": "rust-overlay",
        "type": "github"
      }
    },
    "sccache": {
      "inputs": {
        "flake-utils": "flake-utils",
        "nixpkgs": [
          "nixpkgs"
        ]
      },
      "locked": {
        "lastModified": 1783409236,
        "narHash": "sha256-kwXbtNr6/0eV51FuNYDhwPBuJOu0WTGMxQah5qacjDU=",
        "owner": "mozilla",
        "repo": "sccache",
        "rev": "4fcb1611767704dcbf969ee10a5bdb35ef3eb959",
        "type": "github"
      },
      "original": {
        "owner": "mozilla",
        "repo": "sccache",
        "type": "github"
      }
    },
    "storm-ops": {
      "flake": false,
      "locked": {
        "lastModified": 1784256952,
        "narHash": "sha256-0REvxn+lrabsd9JBQihOUToOUbUhz9VKQf5uYu6bCYk=",
        "owner": "storm-software",
        "repo": "storm-ops",
        "rev": "13c0af7f0d152da8d50b8580327a2ffcb8b6644f",
        "type": "github"
      },
      "original": {
        "owner": "storm-software",
        "repo": "storm-ops",
        "type": "github"
      }
    },
    "systems": {
      "locked": {
        "lastModified": 1681028828,
        "narHash": "sha256-Vy1rq5AaRuLzOxct8nz4T6wlgyUR7zLU309k9mBC768=",
        "owner": "nix-systems",
        "repo": "default",
        "rev": "da67096a3b9bf56a91d16901293e51ba5b49a27e",
        "type": "github"
      },
      "original": {
        "owner": "nix-systems",
        "repo": "default",
        "type": "github"
      }
    }
  },
  "root": "root",
  "version": 7
}